
Microsoft Visual Studio Solution File, Format Version 12.00
# Visual Studio Version 17
VisualStudioVersion = 17.7.34031.279
MinimumVisualStudioVersion = 10.0.40219.1
Project("{8BC9CEB8-8B4A-11D0-8D11-00A0C91BC942}") = "3.6", "3.6\3.6.vcxproj", "{E364BD3E-FF97-45E1-9730-4D3782739B7F}"
EndProject
Project("{8BC9CEB8-8B4A-11D0-8D11-00A0C91BC942}") = "UnitTest1", "UnitTest1\UnitTest1.vcxproj", "{63AFF812-40D6-4491-B6F1-9BD86C23FBDE}"
EndProject
Global
	GlobalSection(SolutionConfigurationPlatforms) = preSolution
		Debug|x64 = Debug|x64
		Debug|x86 = Debug|x86
		Release|x64 = Release|x64
		Release|x86 = Release|x86
	EndGlobalSection
	GlobalSection(ProjectConfigurationPlatforms) = postSolution
		{E364BD3E-FF97-45E1-9730-4D3782739B7F}.Debug|x64.ActiveCfg = Debug|x64
		{E364BD3E-FF97-45E1-9730-4D3782739B7F}.Debug|x64.Build.0 = Debug|x64
		{E364BD3E-FF97-45E1-9730-4D3782739B7F}.Debug|x86.ActiveCfg = Debug|Win32
		{E364BD3E-FF97-45E1-9730-4D3782739B7F}.Debug|x86.Build.0 = Debug|Win32
		{E364BD3E-FF97-45E1-9730-4D3782739B7F}.Release|x64.ActiveCfg = Release|x64
		{E364BD3E-FF97-45E1-9730-4D3782739B7F}.Release|x64.Build.0 = Release|x64
		{E364BD3E-FF97-45E1-9730-4D3782739B7F}.Release|x86.ActiveCfg = Release|Win32
		{E364BD3E-FF97-45E1-9730-4D3782739B7F}.Release|x86.Build.0 = Release|Win32
		{63AFF812-40D6-4491-B6F1-9BD86C23FBDE}.Debug|x64.ActiveCfg = Debug|x64
		{63AFF812-40D6-4491-B6F1-9BD86C23FBDE}.Debug|x64.Build.0 = Debug|x64
		{63AFF812-40D6-4491-B6F1-9BD86C23FBDE}.Debug|x86.ActiveCfg = Debug|Win32
		{63AFF812-40D6-4491-B6F1-9BD86C23FBDE}.Debug|x86.Build.0 = Debug|Win32
		{63AFF812-40D6-4491-B6F1-9BD86C23FBDE}.Release|x64.ActiveCfg = Release|x64
		{63AFF812-40D6-4491-B6F1-9BD86C23FBDE}.Release|x64.Build.0 = Release|x64
		{63AFF812-40D6-4491-B6F1-9BD86C23FBDE}.Release|x86.ActiveCfg = Release|Win32
		{63AFF812-40D6-4491-B6F1-9BD86C23FBDE}.Release|x86.Build.0 = Release|Win32
	EndGlobalSection
	GlobalSection(SolutionProperties) = preSolution
		HideSolutionNode = FALSE
	EndGlobalSection
	GlobalSection(ExtensibilityGlobals) = postSolution
		SolutionGuid = {B0077D0B-E2C7-41F0-A114-C164F36EBE5F}
	EndGlobalSection
EndGlobal
